// !$*UTF8*$!
{
	archiveVersion = 1;
	classes = {
	};
	objectVersion = 48;
	objects = {

/* Begin PBXBuildFile section */
		A778095C1E277E860090BC5C /* main.m in Sources */ = {isa = PBXBuildFile; fileRef = A778095B1E277E860090BC5C /* main.m */; };
		A778095F1E277E860090BC5C /* AppDelegate.m in Sources */ = {isa = PBXBuildFile; fileRef = A778095E1E277E860090BC5C /* AppDelegate.m */; };
		A77809621E277E860090BC5C /* ViewController.m in Sources */ = {isa = PBXBuildFile; fileRef = A77809611E277E860090BC5C /* ViewController.m */; };
		A77809651E277E860090BC5C /* Main.storyboard in Resources */ = {isa = PBXBuildFile; fileRef = A77809631E277E860090BC5C /* Main.storyboard */; };
		A77809671E277E860090BC5C /* Assets.xcassets in Resources */ = {isa = PBXBuildFile; fileRef = A77809661E277E860090BC5C /* Assets.xcassets */; };
		A778096A1E277E860090BC5C /* LaunchScreen.storyboard in Resources */ = {isa = PBXBuildFile; fileRef = A77809681E277E860090BC5C /* LaunchScreen.storyboard */; };
		A77809751E277E860090BC5C /* ParkingTests.m in Sources */ = {isa = PBXBuildFile; fileRef = A77809741E277E860090BC5C /* ParkingTests.m */; };
		A77809801E277E860090BC5C /* ParkingUITests.m in Sources */ = {isa = PBXBuildFile; fileRef = A778097F1E277E860090BC5C /* ParkingUITests.m */; };
		A7ADDE0C1E2C663F000AF815 /* AFHTTPSessionManager.m in Sources */ = {isa = PBXBuildFile; fileRef = A7ADDE001E2C663F000AF815 /* AFHTTPSessionManager.m */; };
		A7ADDE0D1E2C663F000AF815 /* AFNetworkReachabilityManager.m in Sources */ = {isa = PBXBuildFile; fileRef = A7ADDE031E2C663F000AF815 /* AFNetworkReachabilityManager.m */; };
		A7ADDE0E1E2C663F000AF815 /* AFSecurityPolicy.m in Sources */ = {isa = PBXBuildFile; fileRef = A7ADDE051E2C663F000AF815 /* AFSecurityPolicy.m */; };
		A7ADDE0F1E2C663F000AF815 /* AFURLRequestSerialization.m in Sources */ = {isa = PBXBuildFile; fileRef = A7ADDE071E2C663F000AF815 /* AFURLRequestSerialization.m */; };
		A7ADDE101E2C663F000AF815 /* AFURLResponseSerialization.m in Sources */ = {isa = PBXBuildFile; fileRef = A7ADDE091E2C663F000AF815 /* AFURLResponseSerialization.m */; };
		A7ADDE111E2C663F000AF815 /* AFURLSessionManager.m in Sources */ = {isa = PBXBuildFile; fileRef = A7ADDE0B1E2C663F000AF815 /* AFURLSessionManager.m */; };
		A7C074421E34A7F6000E52AF /* BaseViewController.m in Sources */ = {isa = PBXBuildFile; fileRef = A7C074411E34A7F6000E52AF /* BaseViewController.m */; };
		A7C074451E34AEE7000E52AF /* DetailViewController.m in Sources */ = {isa = PBXBuildFile; fileRef = A7C074441E34AEE7000E52AF /* DetailViewController.m */; };
		A7C074601E35AFC0000E52AF /* BaiduMapAPI_Base.framework in Frameworks */ = {isa = PBXBuildFile; fileRef = A7C074591E35AFC0000E52AF /* BaiduMapAPI_Base.framework */; };
		A7C074611E35AFC0000E52AF /* BaiduMapAPI_Cloud.framework in Frameworks */ = {isa = PBXBuildFile; fileRef = A7C0745A1E35AFC0000E52AF /* BaiduMapAPI_Cloud.framework */; };
		A7C074621E35AFC0000E52AF /* BaiduMapAPI_Location.framework in Frameworks */ = {isa = PBXBuildFile; fileRef = A7C0745B1E35AFC0000E52AF /* BaiduMapAPI_Location.framework */; };
		A7C074631E35AFC0000E52AF /* BaiduMapAPI_Map.framework in Frameworks */ = {isa = PBXBuildFile; fileRef = A7C0745C1E35AFC0000E52AF /* BaiduMapAPI_Map.framework */; };
		A7C074641E35AFC0000E52AF /* BaiduMapAPI_Radar.framework in Frameworks */ = {isa = PBXBuildFile; fileRef = A7C0745D1E35AFC0000E52AF /* BaiduMapAPI_Radar.framework */; };
		A7C074651E35AFC0000E52AF /* BaiduMapAPI_Search.framework in Frameworks */ = {isa = PBXBuildFile; fileRef = A7C0745E1E35AFC0000E52AF /* BaiduMapAPI_Search.framework */; };
		A7C074661E35AFC0000E52AF /* BaiduMapAPI_Utils.framework in Frameworks */ = {isa = PBXBuildFile; fileRef = A7C0745F1E35AFC0000E52AF /* BaiduMapAPI_Utils.framework */; };
		A7C074691E35AFDB000E52AF /* libssl.a in Frameworks */ = {isa = PBXBuildFile; fileRef = A7C074671E35AFDB000E52AF /* libssl.a */; };
		A7C0746A1E35AFDB000E52AF /* libcrypto.a in Frameworks */ = {isa = PBXBuildFile; fileRef = A7C074681E35AFDB000E52AF /* libcrypto.a */; };
		A7C0746C1E35B026000E52AF /* libsqlite3.0.tbd in Frameworks */ = {isa = PBXBuildFile; fileRef = A7C0746B1E35B026000E52AF /* libsqlite3.0.tbd */; };
		A7C0746E1E35B037000E52AF /* CoreTelephony.framework in Frameworks */ = {isa = PBXBuildFile; fileRef = A7C0746D1E35B037000E52AF /* CoreTelephony.framework */; };
		A7C074701E35B044000E52AF /* libstdc++.6.0.9.tbd in Frameworks */ = {isa = PBXBuildFile; fileRef = A7C0746F1E35B044000E52AF /* libstdc++.6.0.9.tbd */; };
		A7C074721E35D086000E52AF /* mapapi.bundle in Resources */ = {isa = PBXBuildFile; fileRef = A7C074711E35D086000E52AF /* mapapi.bundle */; };
/* End PBXBuildFile section */

/* Begin PBXContainerItemProxy section */
		A77809711E277E860090BC5C /* PBXContainerItemProxy */ = {
			isa = PBXContainerItemProxy;
			containerPortal = A778094F1E277E860090BC5C /* Project object */;
			proxyType = 1;
			remoteGlobalIDString = A77809561E277E860090BC5C;
			remoteInfo = Parking;
		};
		A778097C1E277E860090BC5C /* PBXContainerItemProxy */ = {
			isa = PBXContainerItemProxy;
			containerPortal = A778094F1E277E860090BC5C /* Project object */;
			proxyType = 1;
			remoteGlobalIDString = A77809561E277E860090BC5C;
			remoteInfo = Parking;
		};
/* End PBXContainerItemProxy section */

/* Begin PBXFileReference section */
		A77809571E277E860090BC5C /* Parking.app */ = {isa = PBXFileReference; explicitFileType = wrapper.application; includeInIndex = 0; path = Parking.app; sourceTree = BUILT_PRODUCTS_DIR; };
		A778095B1E277E860090BC5C /* main.m */ = {isa = PBXFileReference; lastKnownFileType = sourcecode.c.objc; path = main.m; sourceTree = "<group>"; };
		A778095D1E277E860090BC5C /* AppDelegate.h */ = {isa = PBXFileReference; lastKnownFileType = sourcecode.c.h; path = AppDelegate.h; sourceTree = "<group>"; };
		A778095E1E277E860090BC5C /* AppDelegate.m */ = {isa = PBXFileReference; lastKnownFileType = sourcecode.c.objc; path = AppDelegate.m; sourceTree = "<group>"; };
		A77809601E277E860090BC5C /* ViewController.h */ = {isa = PBXFileReference; lastKnownFileType = sourcecode.c.h; path = ViewController.h; sourceTree = "<group>"; };
		A77809611E277E860090BC5C /* ViewController.m */ = {isa = PBXFileReference; lastKnownFileType = sourcecode.c.objc; path = ViewController.m; sourceTree = "<group>"; };
		A77809641E277E860090BC5C /* Base */ = {isa = PBXFileReference; lastKnownFileType = file.storyboard; name = Base; path = Base.lproj/Main.storyboard; sourceTree = "<group>"; };
		A77809661E277E860090BC5C /* Assets.xcassets */ = {isa = PBXFileReference; lastKnownFileType = folder.assetcatalog; path = Assets.xcassets; sourceTree = "<group>"; };
		A77809691E277E860090BC5C /* Base */ = {isa = PBXFileReference; lastKnownFileType = file.storyboard; name = Base; path = Base.lproj/LaunchScreen.storyboard; sourceTree = "<group>"; };
		A778096B1E277E860090BC5C /* Info.plist */ = {isa = PBXFileReference; lastKnownFileType = text.plist.xml; path = Info.plist; sourceTree = "<group>"; };
		A77809701E277E860090BC5C /* ParkingTests.xctest */ = {isa = PBXFileReference; explicitFileType = wrapper.cfbundle; includeInIndex = 0; path = ParkingTests.xctest; sourceTree = BUILT_PRODUCTS_DIR; };
		A77809741E277E860090BC5C /* ParkingTests.m */ = {isa = PBXFileReference; lastKnownFileType = sourcecode.c.objc; path = ParkingTests.m; sourceTree = "<group>"; };
		A77809761E277E860090BC5C /* Info.plist */ = {isa = PBXFileReference; lastKnownFileType = text.plist.xml; path = Info.plist; sourceTree = "<group>"; };
		A778097B1E277E860090BC5C /* ParkingUITests.xctest */ = {isa = PBXFileReference; explicitFileType = wrapper.cfbundle; includeInIndex = 0; path = ParkingUITests.xctest; sourceTree = BUILT_PRODUCTS_DIR; };
		A778097F1E277E860090BC5C /* ParkingUITests.m */ = {isa = PBXFileReference; lastKnownFileType = sourcecode.c.objc; path = ParkingUITests.m; sourceTree = "<group>"; };
		A77809811E277E860090BC5C /* Info.plist */ = {isa = PBXFileReference; lastKnownFileType = text.plist.xml; path = Info.plist; sourceTree = "<group>"; };
		A7ADDDFF1E2C663F000AF815 /* AFHTTPSessionManager.h */ = {isa = PBXFileReference; fileEncoding = 4; lastKnownFileType = sourcecode.c.h; path = AFHTTPSessionManager.h; sourceTree = "<group>"; };
		A7ADDE001E2C663F000AF815 /* AFHTTPSessionManager.m */ = {isa = PBXFileReference; fileEncoding = 4; lastKnownFileType = sourcecode.c.objc; path = AFHTTPSessionManager.m; sourceTree = "<group>"; };
		A7ADDE011E2C663F000AF815 /* AFNetworking.h */ = {isa = PBXFileReference; fileEncoding = 4; lastKnownFileType = sourcecode.c.h; path = AFNetworking.h; sourceTree = "<group>"; };
		A7ADDE021E2C663F000AF815 /* AFNetworkReachabilityManager.h */ = {isa = PBXFileReference; fileEncoding = 4; lastKnownFileType = sourcecode.c.h; path = AFNetworkReachabilityManager.h; sourceTree = "<group>"; };
		A7ADDE031E2C663F000AF815 /* AFNetworkReachabilityManager.m */ = {isa = PBXFileReference; fileEncoding = 4; lastKnownFileType = sourcecode.c.objc; path = AFNetworkReachabilityManager.m; sourceTree = "<group>"; };
		A7ADDE041E2C663F000AF815 /* AFSecurityPolicy.h */ = {isa = PBXFileReference; fileEncoding = 4; lastKnownFileType = sourcecode.c.h; path = AFSecurityPolicy.h; sourceTree = "<group>"; };
		A7ADDE051E2C663F000AF815 /* AFSecurityPolicy.m */ = {isa = PBXFileReference; fileEncoding = 4; lastKnownFileType = sourcecode.c.objc; path = AFSecurityPolicy.m; sourceTree = "<group>"; };
		A7ADDE061E2C663F000AF815 /* AFURLRequestSerialization.h */ = {isa = PBXFileReference; fileEncoding = 4; lastKnownFileType = sourcecode.c.h; path = AFURLRequestSerialization.h; sourceTree = "<group>"; };
		A7ADDE071E2C663F000AF815 /* AFURLRequestSerialization.m */ = {isa = PBXFileReference; fileEncoding = 4; lastKnownFileType = sourcecode.c.objc; path = AFURLRequestSerialization.m; sourceTree = "<group>"; };
		A7ADDE081E2C663F000AF815 /* AFURLResponseSerialization.h */ = {isa = PBXFileReference; fileEncoding = 4; lastKnownFileType = sourcecode.c.h; path = AFURLResponseSerialization.h; sourceTree = "<group>"; };
		A7ADDE091E2C663F000AF815 /* AFURLResponseSerialization.m */ = {isa = PBXFileReference; fileEncoding = 4; lastKnownFileType = sourcecode.c.objc; path = AFURLResponseSerialization.m; sourceTree = "<group>"; };
		A7ADDE0A1E2C663F000AF815 /* AFURLSessionManager.h */ = {isa = PBXFileReference; fileEncoding = 4; lastKnownFileType = sourcecode.c.h; path = AFURLSessionManager.h; sourceTree = "<group>"; };
		A7ADDE0B1E2C663F000AF815 /* AFURLSessionManager.m */ = {isa = PBXFileReference; fileEncoding = 4; lastKnownFileType = sourcecode.c.objc; path = AFURLSessionManager.m; sourceTree = "<group>"; };
		A7C074401E34A7F6000E52AF /* BaseViewController.h */ = {isa = PBXFileReference; fileEncoding = 4; lastKnownFileType = sourcecode.c.h; path = BaseViewController.h; sourceTree = "<group>"; };
		A7C074411E34A7F6000E52AF /* BaseViewController.m */ = {isa = PBXFileReference; fileEncoding = 4; lastKnownFileType = sourcecode.c.objc; path = BaseViewController.m; sourceTree = "<group>"; };
		A7C074431E34AEE7000E52AF /* DetailViewController.h */ = {isa = PBXFileReference; fileEncoding = 4; lastKnownFileType = sourcecode.c.h; path = DetailViewController.h; sourceTree = "<group>"; };
		A7C074441E34AEE7000E52AF /* DetailViewController.m */ = {isa = PBXFileReference; fileEncoding = 4; lastKnownFileType = sourcecode.c.objc; path = DetailViewController.m; sourceTree = "<group>"; };
		A7C074591E35AFC0000E52AF /* BaiduMapAPI_Base.framework */ = {isa = PBXFileReference; lastKnownFileType = wrapper.framework; path = BaiduMapAPI_Base.framework; sourceTree = "<group>"; };
		A7C0745A1E35AFC0000E52AF /* BaiduMapAPI_Cloud.framework */ = {isa = PBXFileReference; lastKnownFileType = wrapper.framework; path = BaiduMapAPI_Cloud.framework; sourceTree = "<group>"; };
		A7C0745B1E35AFC0000E52AF /* BaiduMapAPI_Location.framework */ = {isa = PBXFileReference; lastKnownFileType = wrapper.framework; path = BaiduMapAPI_Location.framework; sourceTree = "<group>"; };
		A7C0745C1E35AFC0000E52AF /* BaiduMapAPI_Map.framework */ = {isa = PBXFileReference; lastKnownFileType = wrapper.framework; path = BaiduMapAPI_Map.framework; sourceTree = "<group>"; };
		A7C0745D1E35AFC0000E52AF /* BaiduMapAPI_Radar.framework */ = {isa = PBXFileReference; lastKnownFileType = wrapper.framework; path = BaiduMapAPI_Radar.framework; sourceTree = "<group>"; };
		A7C0745E1E35AFC0000E52AF /* BaiduMapAPI_Search.framework */ = {isa = PBXFileReference; lastKnownFileType = wrapper.framework; path = BaiduMapAPI_Search.framework; sourceTree = "<group>"; };
		A7C0745F1E35AFC0000E52AF /* BaiduMapAPI_Utils.framework */ = {isa = PBXFileReference; lastKnownFileType = wrapper.framework; path = BaiduMapAPI_Utils.framework; sourceTree = "<group>"; };
		A7C074671E35AFDB000E52AF /* libssl.a */ = {isa = PBXFileReference; lastKnownFileType = archive.ar; path = libssl.a; sourceTree = "<group>"; };
		A7C074681E35AFDB000E52AF /* libcrypto.a */ = {isa = PBXFileReference; lastKnownFileType = archive.ar; path = libcrypto.a; sourceTree = "<group>"; };
		A7C0746B1E35B026000E52AF /* libsqlite3.0.tbd */ = {isa = PBXFileReference; lastKnownFileType = "sourcecode.text-based-dylib-definition"; name = libsqlite3.0.tbd; path = usr/lib/libsqlite3.0.tbd; sourceTree = SDKROOT; };
		A7C0746D1E35B037000E52AF /* CoreTelephony.framework */ = {isa = PBXFileReference; lastKnownFileType = wrapper.framework; name = CoreTelephony.framework; path = System/Library/Frameworks/CoreTelephony.framework; sourceTree = SDKROOT; };
		A7C0746F1E35B044000E52AF /* libstdc++.6.0.9.tbd */ = {isa = PBXFileReference; lastKnownFileType = "sourcecode.text-based-dylib-definition"; name = "libstdc++.6.0.9.tbd"; path = "usr/lib/libstdc++.6.0.9.tbd"; sourceTree = SDKROOT; };
		A7C074711E35D086000E52AF /* mapapi.bundle */ = {isa = PBXFileReference; lastKnownFileType = "wrapper.plug-in"; name = mapapi.bundle; path = BaiduMapAPI_Map.framework/Resources/mapapi.bundle; sourceTree = "<group>"; };
/* End PBXFileReference section */

/* Begin PBXFrameworksBuildPhase section */
		A77809541E277E860090BC5C /* Frameworks */ = {
			isa = PBXFrameworksBuildPhase;
			buildActionMask = 2147483647;
			files = (
				A7C074701E35B044000E52AF /* libstdc++.6.0.9.tbd in Frameworks */,
				A7C0746E1E35B037000E52AF /* CoreTelephony.framework in Frameworks */,
				A7C0746C1E35B026000E52AF /* libsqlite3.0.tbd in Frameworks */,
				A7C074691E35AFDB000E52AF /* libssl.a in Frameworks */,
				A7C074611E35AFC0000E52AF /* BaiduMapAPI_Cloud.framework in Frameworks */,
				A7C074621E35AFC0000E52AF /* BaiduMapAPI_Location.framework in Frameworks */,
				A7C074651E35AFC0000E52AF /* BaiduMapAPI_Search.framework in Frameworks */,
				A7C074641E35AFC0000E52AF /* BaiduMapAPI_Radar.framework in Frameworks */,
				A7C074601E35AFC0000E52AF /* BaiduMapAPI_Base.framework in Frameworks */,
				A7C074631E35AFC0000E52AF /* BaiduMapAPI_Map.framework in Frameworks */,
				A7C074661E35AFC0000E52AF /* BaiduMapAPI_Utils.framework in Frameworks */,
				A7C0746A1E35AFDB000E52AF /* libcrypto.a in Frameworks */,
			);
			runOnlyForDeploymentPostprocessing = 0;
		};
		A778096D1E277E860090BC5C /* Frameworks */ = {
			isa = PBXFrameworksBuildPhase;
			buildActionMask = 2147483647;
			files = (
			);
			runOnlyForDeploymentPostprocessing = 0;
		};
		A77809781E277E860090BC5C /* Frameworks */ = {
			isa = PBXFrameworksBuildPhase;
			buildActionMask = 2147483647;
			files = (
			);
			runOnlyForDeploymentPostprocessing = 0;
		};
/* End PBXFrameworksBuildPhase section */

/* Begin PBXGroup section */
		A778094E1E277E860090BC5C = {
			isa = PBXGroup;
			children = (
				A7C074711E35D086000E52AF /* mapapi.bundle */,
				A7ADDDFD1E2C6628000AF815 /* libs */,
				A77809591E277E860090BC5C /* Parking */,
				A77809731E277E860090BC5C /* ParkingTests */,
				A778097E1E277E860090BC5C /* ParkingUITests */,
				A77809581E277E860090BC5C /* Products */,
				F4242FDAA2694B68C7209117 /* Frameworks */,
			);
			sourceTree = "<group>";
		};
		A77809581E277E860090BC5C /* Products */ = {
			isa = PBXGroup;
			children = (
				A77809571E277E860090BC5C /* Parking.app */,
				A77809701E277E860090BC5C /* ParkingTests.xctest */,
				A778097B1E277E860090BC5C /* ParkingUITests.xctest */,
			);
			name = Products;
			sourceTree = "<group>";
		};
		A77809591E277E860090BC5C /* Parking */ = {
			isa = PBXGroup;
			children = (
				A7C074401E34A7F6000E52AF /* BaseViewController.h */,
				A7C074411E34A7F6000E52AF /* BaseViewController.m */,
				A778095D1E277E860090BC5C /* AppDelegate.h */,
				A778095E1E277E860090BC5C /* AppDelegate.m */,
				A77809601E277E860090BC5C /* ViewController.h */,
				A77809611E277E860090BC5C /* ViewController.m */,
				A77809631E277E860090BC5C /* Main.storyboard */,
				A77809661E277E860090BC5C /* Assets.xcassets */,
				A77809681E277E860090BC5C /* LaunchScreen.storyboard */,
				A778096B1E277E860090BC5C /* Info.plist */,
				A778095A1E277E860090BC5C /* Supporting Files */,
				A7C074431E34AEE7000E52AF /* DetailViewController.h */,
				A7C074441E34AEE7000E52AF /* DetailViewController.m */,
			);
			path = Parking;
			sourceTree = "<group>";
		};
		A778095A1E277E860090BC5C /* Supporting Files */ = {
			isa = PBXGroup;
			children = (
				A778095B1E277E860090BC5C /* main.m */,
			);
			name = "Supporting Files";
			sourceTree = "<group>";
		};
		A77809731E277E860090BC5C /* ParkingTests */ = {
			isa = PBXGroup;
			children = (
				A77809741E277E860090BC5C /* ParkingTests.m */,
				A77809761E277E860090BC5C /* Info.plist */,
			);
			path = ParkingTests;
			sourceTree = "<group>";
		};
		A778097E1E277E860090BC5C /* ParkingUITests */ = {
			isa = PBXGroup;
			children = (
				A778097F1E277E860090BC5C /* ParkingUITests.m */,
				A77809811E277E860090BC5C /* Info.plist */,
			);
			path = ParkingUITests;
			sourceTree = "<group>";
		};
		A7ADDDFD1E2C6628000AF815 /* libs */ = {
			isa = PBXGroup;
			children = (
				A7ADDDFE1E2C663F000AF815 /* AFNetworking */,
			);
			name = libs;
			sourceTree = "<group>";
		};
		A7ADDDFE1E2C663F000AF815 /* AFNetworking */ = {
			isa = PBXGroup;
			children = (
				A7ADDDFF1E2C663F000AF815 /* AFHTTPSessionManager.h */,
				A7ADDE001E2C663F000AF815 /* AFHTTPSessionManager.m */,
				A7ADDE011E2C663F000AF815 /* AFNetworking.h */,
				A7ADDE021E2C663F000AF815 /* AFNetworkReachabilityManager.h */,
				A7ADDE031E2C663F000AF815 /* AFNetworkReachabilityManager.m */,
				A7ADDE041E2C663F000AF815 /* AFSecurityPolicy.h */,
				A7ADDE051E2C663F000AF815 /* AFSecurityPolicy.m */,
				A7ADDE061E2C663F000AF815 /* AFURLRequestSerialization.h */,
				A7ADDE071E2C663F000AF815 /* AFURLRequestSerialization.m */,
				A7ADDE081E2C663F000AF815 /* AFURLResponseSerialization.h */,
				A7ADDE091E2C663F000AF815 /* AFURLResponseSerialization.m */,
				A7ADDE0A1E2C663F000AF815 /* AFURLSessionManager.h */,
				A7ADDE0B1E2C663F000AF815 /* AFURLSessionManager.m */,
			);
			path = AFNetworking;
			sourceTree = "<group>";
		};
		F4242FDAA2694B68C7209117 /* Frameworks */ = {
			isa = PBXGroup;
			children = (
				A7C0746F1E35B044000E52AF /* libstdc++.6.0.9.tbd */,
				A7C0746D1E35B037000E52AF /* CoreTelephony.framework */,
				A7C0746B1E35B026000E52AF /* libsqlite3.0.tbd */,
				A7C074671E35AFDB000E52AF /* libssl.a */,
				A7C074681E35AFDB000E52AF /* libcrypto.a */,
				A7C074591E35AFC0000E52AF /* BaiduMapAPI_Base.framework */,
				A7C0745A1E35AFC0000E52AF /* BaiduMapAPI_Cloud.framework */,
				A7C0745B1E35AFC0000E52AF /* BaiduMapAPI_Location.framework */,
				A7C0745C1E35AFC0000E52AF /* BaiduMapAPI_Map.framework */,
				A7C0745D1E35AFC0000E52AF /* BaiduMapAPI_Radar.framework */,
				A7C0745E1E35AFC0000E52AF /* BaiduMapAPI_Search.framework */,
				A7C0745F1E35AFC0000E52AF /* BaiduMapAPI_Utils.framework */,
			);
			name = Frameworks;
			sourceTree = "<group>";
		};
/* End PBXGroup section */

/* Begin PBXNativeTarget section */
		A77809561E277E860090BC5C /* Parking */ = {
			isa = PBXNativeTarget;
			buildConfigurationList = A77809841E277E860090BC5C /* Build configuration list for PBXNativeTarget "Parking" */;
			buildPhases = (
				923856DDE731214F5850900F /* [CP] Check Pods Manifest.lock */,
				A77809531E277E860090BC5C /* Sources */,
				A77809541E277E860090BC5C /* Frameworks */,
				A77809551E277E860090BC5C /* Resources */,
				6C56F6D4BDC9A246F082A734 /* [CP] Embed Pods Frameworks */,
				8252E5E4B9D884001BF6F116 /* [CP] Copy Pods Resources */,
			);
			buildRules = (
			);
			dependencies = (
			);
			name = Parking;
			productName = Parking;
			productReference = A77809571E277E860090BC5C /* Parking.app */;
			productType = "com.apple.product-type.application";
		};
		A778096F1E277E860090BC5C /* ParkingTests */ = {
			isa = PBXNativeTarget;
			buildConfigurationList = A77809871E277E860090BC5C /* Build configuration list for PBXNativeTarget "ParkingTests" */;
			buildPhases = (
				A778096C1E277E860090BC5C /* Sources */,
				A778096D1E277E860090BC5C /* Frameworks */,
				A778096E1E277E860090BC5C /* Resources */,
			);
			buildRules = (
			);
			dependencies = (
				A77809721E277E860090BC5C /* PBXTargetDependency */,
			);
			name = ParkingTests;
			productName = ParkingTests;
			productReference = A77809701E277E860090BC5C /* ParkingTests.xctest */;
			productType = "com.apple.product-type.bundle.unit-test";
		};
		A778097A1E277E860090BC5C /* ParkingUITests */ = {
			isa = PBXNativeTarget;
			buildConfigurationList = A778098A1E277E860090BC5C /* Build configuration list for PBXNativeTarget "ParkingUITests" */;
			buildPhases = (
				A77809771E277E860090BC5C /* Sources */,
				A77809781E277E860090BC5C /* Frameworks */,
				A77809791E277E860090BC5C /* Resources */,
			);
			buildRules = (
			);
			dependencies = (
				A778097D1E277E860090BC5C /* PBXTargetDependency */,
			);
			name = ParkingUITests;
			productName = ParkingUITests;
			productReference = A778097B1E277E860090BC5C /* ParkingUITests.xctest */;
			productType = "com.apple.product-type.bundle.ui-testing";
		};
/* End PBXNativeTarget section */

/* Begin PBXProject section */
		A778094F1E277E860090BC5C /* Project object */ = {
			isa = PBXProject;
			attributes = {
				LastUpgradeCheck = 0820;
				ORGANIZATIONNAME = oliver;
				TargetAttributes = {
					A77809561E277E860090BC5C = {
						CreatedOnToolsVersion = 8.2.1;
						ProvisioningStyle = Automatic;
					};
					A778096F1E277E860090BC5C = {
						CreatedOnToolsVersion = 8.2.1;
						ProvisioningStyle = Automatic;
						TestTargetID = A77809561E277E860090BC5C;
					};
					A778097A1E277E860090BC5C = {
						CreatedOnToolsVersion = 8.2.1;
						ProvisioningStyle = Automatic;
						TestTargetID = A77809561E277E860090BC5C;
					};
				};
			};
			buildConfigurationList = A77809521E277E860090BC5C /* Build configuration list for PBXProject "Parking" */;
			compatibilityVersion = "Xcode 8.0";
			developmentRegion = English;
			hasScannedForEncodings = 0;
			knownRegions = (
				en,
				Base,
			);
			mainGroup = A778094E1E277E860090BC5C;
			productRefGroup = A77809581E277E860090BC5C /* Products */;
			projectDirPath = "";
			projectRoot = "";
			targets = (
				A77809561E277E860090BC5C /* Parking */,
				A778096F1E277E860090BC5C /* ParkingTests */,
				A778097A1E277E860090BC5C /* ParkingUITests */,
			);
		};
/* End PBXProject section */

/* Begin PBXResourcesBuildPhase section */
		A77809551E277E860090BC5C /* Resources */ = {
			isa = PBXResourcesBuildPhase;
			buildActionMask = 2147483647;
			files = (
				A778096A1E277E860090BC5C /* LaunchScreen.storyboard in Resources */,
				A7C074721E35D086000E52AF /* mapapi.bundle in Resources */,
				A77809671E277E860090BC5C /* Assets.xcassets in Resources */,
				A77809651E277E860090BC5C /* Main.storyboard in Resources */,
			);
			runOnlyForDeploymentPostprocessing = 0;
		};
		A778096E1E277E860090BC5C /* Resources */ = {
			isa = PBXResourcesBuildPhase;
			buildActionMask = 2147483647;
			files = (
			);
			runOnlyForDeploymentPostprocessing = 0;
		};
		A77809791E277E860090BC5C /* Resources */ = {
			isa = PBXResourcesBuildPhase;
			buildActionMask = 2147483647;
			files = (
			);
			runOnlyForDeploymentPostprocessing = 0;
		};
/* End PBXResourcesBuildPhase section */

/* Begin PBXShellScriptBuildPhase section */
		6C56F6D4BDC9A246F082A734 /* [CP] Embed Pods Frameworks */ = {
			isa = PBXShellScriptBuildPhase;
			buildActionMask = 2147483647;
			files = (
			);
			inputPaths = (
			);
			name = "[CP] Embed Pods Frameworks";
			outputPaths = (
			);
			runOnlyForDeploymentPostprocessing = 0;
			shellPath = /bin/sh;
			shellScript = "";
			showEnvVarsInLog = 0;
		};
		8252E5E4B9D884001BF6F116 /* [CP] Copy Pods Resources */ = {
			isa = PBXShellScriptBuildPhase;
			buildActionMask = 2147483647;
			files = (
			);
			inputPaths = (
			);
			name = "[CP] Copy Pods Resources";
			outputPaths = (
			);
			runOnlyForDeploymentPostprocessing = 0;
			shellPath = /bin/sh;
			shellScript = "
";
			showEnvVarsInLog = 0;
		};
		923856DDE731214F5850900F /* [CP] Check Pods Manifest.lock */ = {
			isa = PBXShellScriptBuildPhase;
			buildActionMask = 2147483647;
			files = (
			);
			inputPaths = (
			);
			name = "[CP] Check Pods Manifest.lock";
			outputPaths = (
			);
			runOnlyForDeploymentPostprocessing = 0;
			shellPath = /bin/sh;
			shellScript = "";
			showEnvVarsInLog = 0;
		};
/* End PBXShellScriptBuildPhase section */

/* Begin PBXSourcesBuildPhase section */
		A77809531E277E860090BC5C /* Sources */ = {
			isa = PBXSourcesBuildPhase;
			buildActionMask = 2147483647;
			files = (
				A7ADDE111E2C663F000AF815 /* AFURLSessionManager.m in Sources */,
				A7C074421E34A7F6000E52AF /* BaseViewController.m in Sources */,
				A77809621E277E860090BC5C /* ViewController.m in Sources */,
				A778095F1E277E860090BC5C /* AppDelegate.m in Sources */,
				A7ADDE0D1E2C663F000AF815 /* AFNetworkReachabilityManager.m in Sources */,
				A778095C1E277E860090BC5C /* main.m in Sources */,
				A7ADDE0E1E2C663F000AF815 /* AFSecurityPolicy.m in Sources */,
				A7C074451E34AEE7000E52AF /* DetailViewController.m in Sources */,
				A7ADDE0F1E2C663F000AF815 /* AFURLRequestSerialization.m in Sources */,
				A7ADDE101E2C663F000AF815 /* AFURLResponseSerialization.m in Sources */,
				A7ADDE0C1E2C663F000AF815 /* AFHTTPSessionManager.m in Sources */,
			);
			runOnlyForDeploymentPostprocessing = 0;
		};
		A778096C1E277E860090BC5C /* Sources */ = {
			isa = PBXSourcesBuildPhase;
			buildActionMask = 2147483647;
			files = (
				A77809751E277E860090BC5C /* ParkingTests.m in Sources */,
			);
			runOnlyForDeploymentPostprocessing = 0;
		};
		A77809771E277E860090BC5C /* Sources */ = {
			isa = PBXSourcesBuildPhase;
			buildActionMask = 2147483647;
			files = (
				A77809801E277E860090BC5C /* ParkingUITests.m in Sources */,
			);
			runOnlyForDeploymentPostprocessing = 0;
		};
/* End PBXSourcesBuildPhase section */

/* Begin PBXTargetDependency section */
		A77809721E277E860090BC5C /* PBXTargetDependency */ = {
			isa = PBXTargetDependency;
			target = A77809561E277E860090BC5C /* Parking */;
			targetProxy = A77809711E277E860090BC5C /* PBXContainerItemProxy */;
		};
		A778097D1E277E860090BC5C /* PBXTargetDependency */ = {
			isa = PBXTargetDependency;
			target = A77809561E277E860090BC5C /* Parking */;
			targetProxy = A778097C1E277E860090BC5C /* PBXContainerItemProxy */;
		};
/* End PBXTargetDependency section */

/* Begin PBXVariantGroup section */
		A77809631E277E860090BC5C /* Main.storyboard */ = {
			isa = PBXVariantGroup;
			children = (
				A77809641E277E860090BC5C /* Base */,
			);
			name = Main.storyboard;
			sourceTree = "<group>";
		};
		A77809681E277E860090BC5C /* LaunchScreen.storyboard */ = {
			isa = PBXVariantGroup;
			children = (
				A77809691E277E860090BC5C /* Base */,
			);
			name = LaunchScreen.storyboard;
			sourceTree = "<group>";
		};
/* End PBXVariantGroup section */

/* Begin XCBuildConfiguration section */
		A77809821E277E860090BC5C /* Debug */ = {
			isa = XCBuildConfiguration;
			buildSettings = {
				ALWAYS_SEARCH_USER_PATHS = NO;
				CLANG_ANALYZER_NONNULL = YES;
				CLANG_CXX_LANGUAGE_STANDARD = "gnu++0x";
				CLANG_CXX_LIBRARY = "libc++";
				CLANG_ENABLE_MODULES = YES;
				CLANG_ENABLE_OBJC_ARC = YES;
				CLANG_WARN_BOOL_CONVERSION = YES;
				CLANG_WARN_CONSTANT_CONVERSION = YES;
				CLANG_WARN_DIRECT_OBJC_ISA_USAGE = YES_ERROR;
				CLANG_WARN_DOCUMENTATION_COMMENTS = YES;
				CLANG_WARN_EMPTY_BODY = YES;
				CLANG_WARN_ENUM_CONVERSION = YES;
				CLANG_WARN_INFINITE_RECURSION = YES;
				CLANG_WARN_INT_CONVERSION = YES;
				CLANG_WARN_OBJC_ROOT_CLASS = YES_ERROR;
				CLANG_WARN_SUSPICIOUS_MOVE = YES;
				CLANG_WARN_UNREACHABLE_CODE = YES;
				CLANG_WARN__DUPLICATE_METHOD_MATCH = YES;
				"CODE_SIGN_IDENTITY[sdk=iphoneos*]" = "iPhone Developer";
				COPY_PHASE_STRIP = NO;
				DEBUG_INFORMATION_FORMAT = dwarf;
				ENABLE_STRICT_OBJC_MSGSEND = YES;
				ENABLE_TESTABILITY = YES;
				GCC_C_LANGUAGE_STANDARD = gnu99;
				GCC_DYNAMIC_NO_PIC = NO;
				GCC_NO_COMMON_BLOCKS = YES;
				GCC_OPTIMIZATION_LEVEL = 0;
				GCC_PREPROCESSOR_DEFINITIONS = (
					"DEBUG=1",
					"$(inherited)",
				);
				GCC_WARN_64_TO_32_BIT_CONVERSION = YES;
				GCC_WARN_ABOUT_RETURN_TYPE = YES_ERROR;
				GCC_WARN_UNDECLARED_SELECTOR = YES;
				GCC_WARN_UNINITIALIZED_AUTOS = YES_AGGRESSIVE;
				GCC_WARN_UNUSED_FUNCTION = YES;
				GCC_WARN_UNUSED_VARIABLE = YES;
				IPHONEOS_DEPLOYMENT_TARGET = 10.2;
				"LIBRARY_SEARCH_PATHS[arch=*]" = "";
				MTL_ENABLE_DEBUG_INFO = YES;
				ONLY_ACTIVE_ARCH = YES;
				SDKROOT = iphoneos;
			};
			name = Debug;
		};
		A77809831E277E860090BC5C /* Release */ = {
			isa = XCBuildConfiguration;
			buildSettings = {
				ALWAYS_SEARCH_USER_PATHS = NO;
				CLANG_ANALYZER_NONNULL = YES;
				CLANG_CXX_LANGUAGE_STANDARD = "gnu++0x";
				CLANG_CXX_LIBRARY = "libc++";
				CLANG_ENABLE_MODULES = YES;
				CLANG_ENABLE_OBJC_ARC = YES;
				CLANG_WARN_BOOL_CONVERSION = YES;
				CLANG_WARN_CONSTANT_CONVERSION = YES;
				CLANG_WARN_DIRECT_OBJC_ISA_USAGE = YES_ERROR;
				CLANG_WARN_DOCUMENTATION_COMMENTS = YES;
				CLANG_WARN_EMPTY_BODY = YES;
				CLANG_WARN_ENUM_CONVERSION = YES;
				CLANG_WARN_INFINITE_RECURSION = YES;
				CLANG_WARN_INT_CONVERSION = YES;
				CLANG_WARN_OBJC_ROOT_CLASS = YES_ERROR;
				CLANG_WARN_SUSPICIOUS_MOVE = YES;
				CLANG_WARN_UNREACHABLE_CODE = YES;
				CLANG_WARN__DUPLICATE_METHOD_MATCH = YES;
				"CODE_SIGN_IDENTITY[sdk=iphoneos*]" = "iPhone Developer";
				COPY_PHASE_STRIP = NO;
				DEBUG_INFORMATION_FORMAT = "dwarf-with-dsym";
				ENABLE_NS_ASSERTIONS = NO;
				ENABLE_STRICT_OBJC_MSGSEND = YES;
				GCC_C_LANGUAGE_STANDARD = gnu99;
				GCC_NO_COMMON_BLOCKS = YES;
				GCC_WARN_64_TO_32_BIT_CONVERSION = YES;
				GCC_WARN_ABOUT_RETURN_TYPE = YES_ERROR;
				GCC_WARN_UNDECLARED_SELECTOR = YES;
				GCC_WARN_UNINITIALIZED_AUTOS = YES_AGGRESSIVE;
				GCC_WARN_UNUSED_FUNCTION = YES;
				GCC_WARN_UNUSED_VARIABLE = YES;
				IPHONEOS_DEPLOYMENT_TARGET = 10.2;
				MTL_ENABLE_DEBUG_INFO = NO;
				SDKROOT = iphoneos;
				VALIDATE_PRODUCT = YES;
			};
			name = Release;
		};
		A77809851E277E860090BC5C /* Debug */ = {
			isa = XCBuildConfiguration;
			buildSettings = {
				ASSETCATALOG_COMPILER_APPICON_NAME = AppIcon;
				DEVELOPMENT_TEAM = NQ39V393R8;
				FRAMEWORK_SEARCH_PATHS = (
					"$(inherited)",
					"$(PROJECT_DIR)",
				);
				INFOPLIST_FILE = Parking/Info.plist;
				IPHONEOS_DEPLOYMENT_TARGET = 8.0;
				LD_RUNPATH_SEARCH_PATHS = "$(inherited) @executable_path/Frameworks";
				LIBRARY_SEARCH_PATHS = (
					"$(PROJECT_DIR)/thirdlibs",
					"$(PROJECT_DIR)",
				);
				PRODUCT_BUNDLE_IDENTIFIER = com.shnu.Parking;
				PRODUCT_NAME = "$(TARGET_NAME)";
			};
			name = Debug;
		};
		A77809861E277E860090BC5C /* Release */ = {
			isa = XCBuildConfiguration;
			buildSettings = {
				ASSETCATALOG_COMPILER_APPICON_NAME = AppIcon;
				DEVELOPMENT_TEAM = NQ39V393R8;
				FRAMEWORK_SEARCH_PATHS = (
					"$(inherited)",
					"$(PROJECT_DIR)",
				);
				INFOPLIST_FILE = Parking/Info.plist;
				IPHONEOS_DEPLOYMENT_TARGET = 8.0;
				LD_RUNPATH_SEARCH_PATHS = "$(inherited) @executable_path/Frameworks";
				LIBRARY_SEARCH_PATHS = (
					"$(PROJECT_DIR)/thirdlibs",
					"$(PROJECT_DIR)",
				);
				PRODUCT_BUNDLE_IDENTIFIER = com.shnu.Parking;
				PRODUCT_NAME = "$(TARGET_NAME)";
			};
			name = Release;
		};
		A77809881E277E860090BC5C /* Debug */ = {
			isa = XCBuildConfiguration;
			buildSettings = {
				BUNDLE_LOADER = "$(TEST_HOST)";
				INFOPLIST_FILE = ParkingTests/Info.plist;
				LD_RUNPATH_SEARCH_PATHS = "$(inherited) @executable_path/Frameworks @loader_path/Frameworks";
				PRODUCT_BUNDLE_IDENTIFIER = com.shnu.ParkingTests;
				PRODUCT_NAME = "$(TARGET_NAME)";
				TEST_HOST = "$(BUILT_PRODUCTS_DIR)/Parking.app/Parking";
			};
			name = Debug;
		};
		A77809891E277E860090BC5C /* Release */ = {
			isa = XCBuildConfiguration;
			buildSettings = {
				BUNDLE_LOADER = "$(TEST_HOST)";
				INFOPLIST_FILE = ParkingTests/Info.plist;
				LD_RUNPATH_SEARCH_PATHS = "$(inherited) @executable_path/Frameworks @loader_path/Frameworks";
				PRODUCT_BUNDLE_IDENTIFIER = com.shnu.ParkingTests;
				PRODUCT_NAME = "$(TARGET_NAME)";
				TEST_HOST = "$(BUILT_PRODUCTS_DIR)/Parking.app/Parking";
			};
			name = Release;
		};
		A778098B1E277E860090BC5C /* Debug */ = {
			isa = XCBuildConfiguration;
			buildSettings = {
				INFOPLIST_FILE = ParkingUITests/Info.plist;
				LD_RUNPATH_SEARCH_PATHS = "$(inherited) @executable_path/Frameworks @loader_path/Frameworks";
				PRODUCT_BUNDLE_IDENTIFIER = com.shnu.ParkingUITests;
				PRODUCT_NAME = "$(TARGET_NAME)";
				TEST_TARGET_NAME = Parking;
			};
			name = Debug;
		};
		A778098C1E277E860090BC5C /* Release */ = {
			isa = XCBuildConfiguration;
			buildSettings = {
				INFOPLIST_FILE = ParkingUITests/Info.plist;
				LD_RUNPATH_SEARCH_PATHS = "$(inherited) @executable_path/Frameworks @loader_path/Frameworks";
				PRODUCT_BUNDLE_IDENTIFIER = com.shnu.ParkingUITests;
				PRODUCT_NAME = "$(TARGET_NAME)";
				TEST_TARGET_NAME = Parking;
			};
			name = Release;
		};
/* End XCBuildConfiguration section */

/* Begin XCConfigurationList section */
		A77809521E277E860090BC5C /* Build configuration list for PBXProject "Parking" */ = {
			isa = XCConfigurationList;
			buildConfigurations = (
				A77809821E277E860090BC5C /* Debug */,
				A77809831E277E860090BC5C /* Release */,
			);
			defaultConfigurationIsVisible = 0;
			defaultConfigurationName = Release;
		};
		A77809841E277E860090BC5C /* Build configuration list for PBXNativeTarget "Parking" */ = {
			isa = XCConfigurationList;
			buildConfigurations = (
				A77809851E277E860090BC5C /* Debug */,
				A77809861E277E860090BC5C /* Release */,
			);
			defaultConfigurationIsVisible = 0;
			defaultConfigurationName = Release;
		};
		A77809871E277E860090BC5C /* Build configuration list for PBXNativeTarget "ParkingTests" */ = {
			isa = XCConfigurationList;
			buildConfigurations = (
				A77809881E277E860090BC5C /* Debug */,
				A77809891E277E860090BC5C /* Release */,
			);
			defaultConfigurationIsVisible = 0;
			defaultConfigurationName = Release;
		};
		A778098A1E277E860090BC5C /* Build configuration list for PBXNativeTarget "ParkingUITests" */ = {
			isa = XCConfigurationList;
			buildConfigurations = (
				A778098B1E277E860090BC5C /* Debug */,
				A778098C1E277E860090BC5C /* Release */,
			);
			defaultConfigurationIsVisible = 0;
			defaultConfigurationName = Release;
		};
/* End XCConfigurationList section */
	};
	rootObject = A778094F1E277E860090BC5C /* Project object */;
}
